// !$*UTF8*$!
{
	archiveVersion = 1;
	classes = {
	};
	objectVersion = 77;
	objects = {

/* Begin PBXContainerItemProxy section */
		757941582D69DF3A00CB74F3 /* PBXContainerItemProxy */ = {
			isa = PBXContainerItemProxy;
			containerPortal = 7579413F2D69DF3800CB74F3 /* Project object */;
			proxyType = 1;
			remoteGlobalIDString = 757941462D69DF3800CB74F3;
			remoteInfo = FriendsFavoriteMovies;
		};
		757941622D69DF3A00CB74F3 /* PBXContainerItemProxy */ = {
			isa = PBXContainerItemProxy;
			containerPortal = 7579413F2D69DF3800CB74F3 /* Project object */;
			proxyType = 1;
			remoteGlobalIDString = 757941462D69DF3800CB74F3;
			remoteInfo = FriendsFavoriteMovies;
		};
/* End PBXContainerItemProxy section */

/* Begin PBXFileReference section */
		757941472D69DF3800CB74F3 /* FriendsFavoriteMovies.app */ = {isa = PBXFileReference; explicitFileType = wrapper.application; includeInIndex = 0; path = FriendsFavoriteMovies.app; sourceTree = BUILT_PRODUCTS_DIR; };
		757941572D69DF3A00CB74F3 /* FriendsFavoriteMoviesTests.xctest */ = {isa = PBXFileReference; explicitFileType = wrapper.cfbundle; includeInIndex = 0; path = FriendsFavoriteMoviesTests.xctest; sourceTree = BUILT_PRODUCTS_DIR; };
		757941612D69DF3A00CB74F3 /* FriendsFavoriteMoviesUITests.xctest */ = {isa = PBXFileReference; explicitFileType = wrapper.cfbundle; includeInIndex = 0; path = FriendsFavoriteMoviesUITests.xctest; sourceTree = BUILT_PRODUCTS_DIR; };
/* End PBXFileReference section */

/* Begin PBXFileSystemSynchronizedRootGroup section */
		757941492D69DF3800CB74F3 /* FriendsFavoriteMovies */ = {
			isa = PBXFileSystemSynchronizedRootGroup;
			path = FriendsFavoriteMovies;
			sourceTree = "<group>";
		};
		7579415A2D69DF3A00CB74F3 /* FriendsFavoriteMoviesTests */ = {
			isa = PBXFileSystemSynchronizedRootGroup;
			path = FriendsFavoriteMoviesTests;
			sourceTree = "<group>";
		};
		757941642D69DF3A00CB74F3 /* FriendsFavoriteMoviesUITests */ = {
			isa = PBXFileSystemSynchronizedRootGroup;
			path = FriendsFavoriteMoviesUITests;
			sourceTree = "<group>";
		};
/* End PBXFileSystemSynchronizedRootGroup section */

/* Begin PBXFrameworksBuildPhase section */
		757941442D69DF3800CB74F3 /* Frameworks */ = {
			isa = PBXFrameworksBuildPhase;
			buildActionMask = 2147483647;
			files = (
			);
			runOnlyForDeploymentPostprocessing = 0;
		};
		757941542D69DF3A00CB74F3 /* Frameworks */ = {
			isa = PBXFrameworksBuildPhase;
			buildActionMask = 2147483647;
			files = (
			);
			runOnlyForDeploymentPostprocessing = 0;
		};
		7579415E2D69DF3A00CB74F3 /* Frameworks */ = {
			isa = PBXFrameworksBuildPhase;
			buildActionMask = 2147483647;
			files = (
			);
			runOnlyForDeploymentPostprocessing = 0;
		};
/* End PBXFrameworksBuildPhase section */

/* Begin PBXGroup section */
		7579413E2D69DF3800CB74F3 = {
			isa = PBXGroup;
			children = (
				757941492D69DF3800CB74F3 /* FriendsFavoriteMovies */,
				7579415A2D69DF3A00CB74F3 /* FriendsFavoriteMoviesTests */,
				757941642D69DF3A00CB74F3 /* FriendsFavoriteMoviesUITests */,
				757941482D69DF3800CB74F3 /* Products */,
			);
			sourceTree = "<group>";
		};
		757941482D69DF3800CB74F3 /* Products */ = {
			isa = PBXGroup;
			children = (
				757941472D69DF3800CB74F3 /* FriendsFavoriteMovies.app */,
				757941572D69DF3A00CB74F3 /* FriendsFavoriteMoviesTests.xctest */,
				757941612D69DF3A00CB74F3 /* FriendsFavoriteMoviesUITests.xctest */,
			);
			name = Products;
			sourceTree = "<group>";
		};
/* End PBXGroup section */

/* Begin PBXNativeTarget section */
		757941462D69DF3800CB74F3 /* FriendsFavoriteMovies */ = {
			isa = PBXNativeTarget;
			buildConfigurationList = 7579416B2D69DF3A00CB74F3 /* Build configuration list for PBXNativeTarget "FriendsFavoriteMovies" */;
			buildPhases = (
				757941432D69DF3800CB74F3 /* Sources */,
				757941442D69DF3800CB74F3 /* Frameworks */,
				757941452D69DF3800CB74F3 /* Resources */,
			);
			buildRules = (
			);
			dependencies = (
			);
			fileSystemSynchronizedGroups = (
				757941492D69DF3800CB74F3 /* FriendsFavoriteMovies */,
			);
			name = FriendsFavoriteMovies;
			packageProductDependencies = (
			);
			productName = FriendsFavoriteMovies;
			productReference = 757941472D69DF3800CB74F3 /* FriendsFavoriteMovies.app */;
			productType = "com.apple.product-type.application";
		};
		757941562D69DF3A00CB74F3 /* FriendsFavoriteMoviesTests */ = {
			isa = PBXNativeTarget;
			buildConfigurationList = 7579416E2D69DF3A00CB74F3 /* Build configuration list for PBXNativeTarget "FriendsFavoriteMoviesTests" */;
			buildPhases = (
				757941532D69DF3A00CB74F3 /* Sources */,
				757941542D69DF3A00CB74F3 /* Frameworks */,
				757941552D69DF3A00CB74F3 /* Resources */,
			);
			buildRules = (
			);
			dependencies = (
				757941592D69DF3A00CB74F3 /* PBXTargetDependency */,
			);
			fileSystemSynchronizedGroups = (
				7579415A2D69DF3A00CB74F3 /* FriendsFavoriteMoviesTests */,
			);
			name = FriendsFavoriteMoviesTests;
			packageProductDependencies = (
			);
			productName = FriendsFavoriteMoviesTests;
			productReference = 757941572D69DF3A00CB74F3 /* FriendsFavoriteMoviesTests.xctest */;
			productType = "com.apple.product-type.bundle.unit-test";
		};
		757941602D69DF3A00CB74F3 /* FriendsFavoriteMoviesUITests */ = {
			isa = PBXNativeTarget;
			buildConfigurationList = 757941712D69DF3A00CB74F3 /* Build configuration list for PBXNativeTarget "FriendsFavoriteMoviesUITests" */;
			buildPhases = (
				7579415D2D69DF3A00CB74F3 /* Sources */,
				7579415E2D69DF3A00CB74F3 /* Frameworks */,
				7579415F2D69DF3A00CB74F3 /* Resources */,
			);
			buildRules = (
			);
			dependencies = (
				757941632D69DF3A00CB74F3 /* PBXTargetDependency */,
			);
			fileSystemSynchronizedGroups = (
				757941642D69DF3A00CB74F3 /* FriendsFavoriteMoviesUITests */,
			);
			name = FriendsFavoriteMoviesUITests;
			packageProductDependencies = (
			);
			productName = FriendsFavoriteMoviesUITests;
			productReference = 757941612D69DF3A00CB74F3 /* FriendsFavoriteMoviesUITests.xctest */;
			productType = "com.apple.product-type.bundle.ui-testing";
		};
/* End PBXNativeTarget section */

/* Begin PBXProject section */
		7579413F2D69DF3800CB74F3 /* Project object */ = {
			isa = PBXProject;
			attributes = {
				BuildIndependentTargetsInParallel = 1;
				LastSwiftUpdateCheck = 1620;
				LastUpgradeCheck = 1620;
				TargetAttributes = {
					757941462D69DF3800CB74F3 = {
						CreatedOnToolsVersion = 16.2;
					};
					757941562D69DF3A00CB74F3 = {
						CreatedOnToolsVersion = 16.2;
						TestTargetID = 757941462D69DF3800CB74F3;
					};
					757941602D69DF3A00CB74F3 = {
						CreatedOnToolsVersion = 16.2;
						TestTargetID = 757941462D69DF3800CB74F3;
					};
				};
			};
			buildConfigurationList = 757941422D69DF3800CB74F3 /* Build configuration list for PBXProject "FriendsFavoriteMovies" */;
			developmentRegion = en;
			hasScannedForEncodings = 0;
			knownRegions = (
				en,
				Base,
			);
			mainGroup = 7579413E2D69DF3800CB74F3;
			minimizedProjectReferenceProxies = 1;
			preferredProjectObjectVersion = 77;
			productRefGroup = 757941482D69DF3800CB74F3 /* Products */;
			projectDirPath = "";
			projectRoot = "";
			targets = (
				757941462D69DF3800CB74F3 /* FriendsFavoriteMovies */,
				757941562D69DF3A00CB74F3 /* FriendsFavoriteMoviesTests */,
				757941602D69DF3A00CB74F3 /* FriendsFavoriteMoviesUITests */,
			);
		};
/* End PBXProject section */

/* Begin PBXResourcesBuildPhase section */
		757941452D69DF3800CB74F3 /* Resources */ = {
			isa = PBXResourcesBuildPhase;
			buildActionMask = 2147483647;
			files = (
			);
			runOnlyForDeploymentPostprocessing = 0;
		};
		757941552D69DF3A00CB74F3 /* Resources */ = {
			isa = PBXResourcesBuildPhase;
			buildActionMask = 2147483647;
			files = (
			);
			runOnlyForDeploymentPostprocessing = 0;
		};
		7579415F2D69DF3A00CB74F3 /* Resources */ = {
			isa = PBXResourcesBuildPhase;
			buildActionMask = 2147483647;
			files = (
			);
			runOnlyForDeploymentPostprocessing = 0;
		};
/* End PBXResourcesBuildPhase section */

/* Begin PBXSourcesBuildPhase section */
		757941432D69DF3800CB74F3 /* Sources */ = {
			isa = PBXSourcesBuildPhase;
			buildActionMask = 2147483647;
			files = (
			);
			runOnlyForDeploymentPostprocessing = 0;
		};
		757941532D69DF3A00CB74F3 /* Sources */ = {
			isa = PBXSourcesBuildPhase;
			buildActionMask = 2147483647;
			files = (
			);
			runOnlyForDeploymentPostprocessing = 0;
		};
		7579415D2D69DF3A00CB74F3 /* Sources */ = {
			isa = PBXSourcesBuildPhase;
			buildActionMask = 2147483647;
			files = (
			);
			runOnlyForDeploymentPostprocessing = 0;
		};
/* End PBXSourcesBuildPhase section */

/* Begin PBXTargetDependency section */
		757941592D69DF3A00CB74F3 /* PBXTargetDependency */ = {
			isa = PBXTargetDependency;
			target = 757941462D69DF3800CB74F3 /* FriendsFavoriteMovies */;
			targetProxy = 757941582D69DF3A00CB74F3 /* PBXContainerItemProxy */;
		};
		757941632D69DF3A00CB74F3 /* PBXTargetDependency */ = {
			isa = PBXTargetDependency;
			target = 757941462D69DF3800CB74F3 /* FriendsFavoriteMovies */;
			targetProxy = 757941622D69DF3A00CB74F3 /* PBXContainerItemProxy */;
		};
/* End PBXTargetDependency section */

/* Begin XCBuildConfiguration section */
		757941692D69DF3A00CB74F3 /* Debug */ = {
			isa = XCBuildConfiguration;
			buildSettings = {
				ALWAYS_SEARCH_USER_PATHS = NO;
				ASSETCATALOG_COMPILER_GENERATE_SWIFT_ASSET_SYMBOL_EXTENSIONS = YES;
				CLANG_ANALYZER_NONNULL = YES;
				CLANG_ANALYZER_NUMBER_OBJECT_CONVERSION = YES_AGGRESSIVE;
				CLANG_CXX_LANGUAGE_STANDARD = "gnu++20";
				CLANG_ENABLE_MODULES = YES;
				CLANG_ENABLE_OBJC_ARC = YES;
				CLANG_ENABLE_OBJC_WEAK = YES;
				CLANG_WARN_BLOCK_CAPTURE_AUTORELEASING = YES;
				CLANG_WARN_BOOL_CONVERSION = YES;
				CLANG_WARN_COMMA = YES;
				CLANG_WARN_CONSTANT_CONVERSION = YES;
				CLANG_WARN_DEPRECATED_OBJC_IMPLEMENTATIONS = YES;
				CLANG_WARN_DIRECT_OBJC_ISA_USAGE = YES_ERROR;
				CLANG_WARN_DOCUMENTATION_COMMENTS = YES;
				CLANG_WARN_EMPTY_BODY = YES;
				CLANG_WARN_ENUM_CONVERSION = YES;
				CLANG_WARN_INFINITE_RECURSION = YES;
				CLANG_WARN_INT_CONVERSION = YES;
				CLANG_WARN_NON_LITERAL_NULL_CONVERSION = YES;
				CLANG_WARN_OBJC_IMPLICIT_RETAIN_SELF = YES;
				CLANG_WARN_OBJC_LITERAL_CONVERSION = YES;
				CLANG_WARN_OBJC_ROOT_CLASS = YES_ERROR;
				CLANG_WARN_QUOTED_INCLUDE_IN_FRAMEWORK_HEADER = YES;
				CLANG_WARN_RANGE_LOOP_ANALYSIS = YES;
				CLANG_WARN_STRICT_PROTOTYPES = YES;
				CLANG_WARN_SUSPICIOUS_MOVE = YES;
				CLANG_WARN_UNGUARDED_AVAILABILITY = YES_AGGRESSIVE;
				CLANG_WARN_UNREACHABLE_CODE = YES;
				CLANG_WARN__DUPLICATE_METHOD_MATCH = YES;
				COPY_PHASE_STRIP = NO;
				DEBUG_INFORMATION_FORMAT = dwarf;
				ENABLE_STRICT_OBJC_MSGSEND = YES;
				ENABLE_TESTABILITY = YES;
				ENABLE_USER_SCRIPT_SANDBOXING = YES;
				GCC_C_LANGUAGE_STANDARD = gnu17;
				GCC_DYNAMIC_NO_PIC = NO;
				GCC_NO_COMMON_BLOCKS = YES;
				GCC_OPTIMIZATION_LEVEL = 0;
				GCC_PREPROCESSOR_DEFINITIONS = (
					"DEBUG=1",
					"$(inherited)",
				);
				GCC_WARN_64_TO_32_BIT_CONVERSION = YES;
				GCC_WARN_ABOUT_RETURN_TYPE = YES_ERROR;
				GCC_WARN_UNDECLARED_SELECTOR = YES;
				GCC_WARN_UNINITIALIZED_AUTOS = YES_AGGRESSIVE;
				GCC_WARN_UNUSED_FUNCTION = YES;
				GCC_WARN_UNUSED_VARIABLE = YES;
				IPHONEOS_DEPLOYMENT_TARGET = 18.2;
				LOCALIZATION_PREFERS_STRING_CATALOGS = YES;
				MTL_ENABLE_DEBUG_INFO = INCLUDE_SOURCE;
				MTL_FAST_MATH = YES;
				ONLY_ACTIVE_ARCH = YES;
				SDKROOT = iphoneos;
				SWIFT_ACTIVE_COMPILATION_CONDITIONS = "DEBUG $(inherited)";
				SWIFT_OPTIMIZATION_LEVEL = "-Onone";
			};
			name = Debug;
		};
		7579416A2D69DF3A00CB74F3 /* Release */ = {
			isa = XCBuildConfiguration;
			buildSettings = {
				ALWAYS_SEARCH_USER_PATHS = NO;
				ASSETCATALOG_COMPILER_GENERATE_SWIFT_ASSET_SYMBOL_EXTENSIONS = YES;
				CLANG_ANALYZER_NONNULL = YES;
				CLANG_ANALYZER_NUMBER_OBJECT_CONVERSION = YES_AGGRESSIVE;
				CLANG_CXX_LANGUAGE_STANDARD = "gnu++20";
				CLANG_ENABLE_MODULES = YES;
				CLANG_ENABLE_OBJC_ARC = YES;
				CLANG_ENABLE_OBJC_WEAK = YES;
				CLANG_WARN_BLOCK_CAPTURE_AUTORELEASING = YES;
				CLANG_WARN_BOOL_CONVERSION = YES;
				CLANG_WARN_COMMA = YES;
				CLANG_WARN_CONSTANT_CONVERSION = YES;
				CLANG_WARN_DEPRECATED_OBJC_IMPLEMENTATIONS = YES;
				CLANG_WARN_DIRECT_OBJC_ISA_USAGE = YES_ERROR;
				CLANG_WARN_DOCUMENTATION_COMMENTS = YES;
				CLANG_WARN_EMPTY_BODY = YES;
				CLANG_WARN_ENUM_CONVERSION = YES;
				CLANG_WARN_INFINITE_RECURSION = YES;
				CLANG_WARN_INT_CONVERSION = YES;
				CLANG_WARN_NON_LITERAL_NULL_CONVERSION = YES;
				CLANG_WARN_OBJC_IMPLICIT_RETAIN_SELF = YES;
				CLANG_WARN_OBJC_LITERAL_CONVERSION = YES;
				CLANG_WARN_OBJC_ROOT_CLASS = YES_ERROR;
				CLANG_WARN_QUOTED_INCLUDE_IN_FRAMEWORK_HEADER = YES;
				CLANG_WARN_RANGE_LOOP_ANALYSIS = YES;
				CLANG_WARN_STRICT_PROTOTYPES = YES;
				CLANG_WARN_SUSPICIOUS_MOVE = YES;
				CLANG_WARN_UNGUARDED_AVAILABILITY = YES_AGGRESSIVE;
				CLANG_WARN_UNREACHABLE_CODE = YES;
				CLANG_WARN__DUPLICATE_METHOD_MATCH = YES;
				COPY_PHASE_STRIP = NO;
				DEBUG_INFORMATION_FORMAT = "dwarf-with-dsym";
				ENABLE_NS_ASSERTIONS = NO;
				ENABLE_STRICT_OBJC_MSGSEND = YES;
				ENABLE_USER_SCRIPT_SANDBOXING = YES;
				GCC_C_LANGUAGE_STANDARD = gnu17;
				GCC_NO_COMMON_BLOCKS = YES;
				GCC_WARN_64_TO_32_BIT_CONVERSION = YES;
				GCC_WARN_ABOUT_RETURN_TYPE = YES_ERROR;
				GCC_WARN_UNDECLARED_SELECTOR = YES;
				GCC_WARN_UNINITIALIZED_AUTOS = YES_AGGRESSIVE;
				GCC_WARN_UNUSED_FUNCTION = YES;
				GCC_WARN_UNUSED_VARIABLE = YES;
				IPHONEOS_DEPLOYMENT_TARGET = 18.2;
				LOCALIZATION_PREFERS_STRING_CATALOGS = YES;
				MTL_ENABLE_DEBUG_INFO = NO;
				MTL_FAST_MATH = YES;
				SDKROOT = iphoneos;
				SWIFT_COMPILATION_MODE = wholemodule;
				VALIDATE_PRODUCT = YES;
			};
			name = Release;
		};
		7579416C2D69DF3A00CB74F3 /* Debug */ = {
			isa = XCBuildConfiguration;
			buildSettings = {
				ASSETCATALOG_COMPILER_APPICON_NAME = AppIcon;
				ASSETCATALOG_COMPILER_GLOBAL_ACCENT_COLOR_NAME = AccentColor;
				CODE_SIGN_STYLE = Automatic;
				CURRENT_PROJECT_VERSION = 1;
				DEVELOPMENT_ASSET_PATHS = "\"FriendsFavoriteMovies/Preview Content\"";
				ENABLE_PREVIEWS = YES;
				GENERATE_INFOPLIST_FILE = YES;
				INFOPLIST_KEY_UIApplicationSceneManifest_Generation = YES;
				INFOPLIST_KEY_UIApplicationSupportsIndirectInputEvents = YES;
				INFOPLIST_KEY_UILaunchScreen_Generation = YES;
				INFOPLIST_KEY_UISupportedInterfaceOrientations_iPad = "UIInterfaceOrientationPortrait UIInterfaceOrientationPortraitUpsideDown UIInterfaceOrientationLandscapeLeft UIInterfaceOrientationLandscapeRight";
				INFOPLIST_KEY_UISupportedInterfaceOrientations_iPhone = "UIInterfaceOrientationPortrait UIInterfaceOrientationLandscapeLeft UIInterfaceOrientationLandscapeRight";
				LD_RUNPATH_SEARCH_PATHS = (
					"$(inherited)",
					"@executable_path/Frameworks",
				);
				MARKETING_VERSION = 1.0;
				PRODUCT_BUNDLE_IDENTIFIER = name.kato.FriendsFavoriteMovies;
				PRODUCT_NAME = "$(TARGET_NAME)";
				SWIFT_EMIT_LOC_STRINGS = YES;
				SWIFT_VERSION = 5.0;
				TARGETED_DEVICE_FAMILY = "1,2";
			};
			name = Debug;
		};
		7579416D2D69DF3A00CB74F3 /* Release */ = {
			isa = XCBuildConfiguration;
			buildSettings = {
				ASSETCATALOG_COMPILER_APPICON_NAME = AppIcon;
				ASSETCATALOG_COMPILER_GLOBAL_ACCENT_COLOR_NAME = AccentColor;
				CODE_SIGN_STYLE = Automatic;
				CURRENT_PROJECT_VERSION = 1;
				DEVELOPMENT_ASSET_PATHS = "\"FriendsFavoriteMovies/Preview Content\"";
				ENABLE_PREVIEWS = YES;
				GENERATE_INFOPLIST_FILE = YES;
				INFOPLIST_KEY_UIApplicationSceneManifest_Generation = YES;
				INFOPLIST_KEY_UIApplicationSupportsIndirectInputEvents = YES;
				INFOPLIST_KEY_UILaunchScreen_Generation = YES;
				INFOPLIST_KEY_UISupportedInterfaceOrientations_iPad = "UIInterfaceOrientationPortrait UIInterfaceOrientationPortraitUpsideDown UIInterfaceOrientationLandscapeLeft UIInterfaceOrientationLandscapeRight";
				INFOPLIST_KEY_UISupportedInterfaceOrientations_iPhone = "UIInterfaceOrientationPortrait UIInterfaceOrientationLandscapeLeft UIInterfaceOrientationLandscapeRight";
				LD_RUNPATH_SEARCH_PATHS = (
					"$(inherited)",
					"@executable_path/Frameworks",
				);
				MARKETING_VERSION = 1.0;
				PRODUCT_BUNDLE_IDENTIFIER = name.kato.FriendsFavoriteMovies;
				PRODUCT_NAME = "$(TARGET_NAME)";
				SWIFT_EMIT_LOC_STRINGS = YES;
				SWIFT_VERSION = 5.0;
				TARGETED_DEVICE_FAMILY = "1,2";
			};
			name = Release;
		};
		7579416F2D69DF3A00CB74F3 /* Debug */ = {
			isa = XCBuildConfiguration;
			buildSettings = {
				BUNDLE_LOADER = "$(TEST_HOST)";
				CODE_SIGN_STYLE = Automatic;
				CURRENT_PROJECT_VERSION = 1;
				GENERATE_INFOPLIST_FILE = YES;
				IPHONEOS_DEPLOYMENT_TARGET = 18.2;
				MARKETING_VERSION = 1.0;
				PRODUCT_BUNDLE_IDENTIFIER = name.kato.FriendsFavoriteMoviesTests;
				PRODUCT_NAME = "$(TARGET_NAME)";
				SWIFT_EMIT_LOC_STRINGS = NO;
				SWIFT_VERSION = 5.0;
				TARGETED_DEVICE_FAMILY = "1,2";
				TEST_HOST = "$(BUILT_PRODUCTS_DIR)/FriendsFavoriteMovies.app/$(BUNDLE_EXECUTABLE_FOLDER_PATH)/FriendsFavoriteMovies";
			};
			name = Debug;
		};
		757941702D69DF3A00CB74F3 /* Release */ = {
			isa = XCBuildConfiguration;
			buildSettings = {
				BUNDLE_LOADER = "$(TEST_HOST)";
				CODE_SIGN_STYLE = Automatic;
				CURRENT_PROJECT_VERSION = 1;
				GENERATE_INFOPLIST_FILE = YES;
				IPHONEOS_DEPLOYMENT_TARGET = 18.2;
				MARKETING_VERSION = 1.0;
				PRODUCT_BUNDLE_IDENTIFIER = name.kato.FriendsFavoriteMoviesTests;
				PRODUCT_NAME = "$(TARGET_NAME)";
				SWIFT_EMIT_LOC_STRINGS = NO;
				SWIFT_VERSION = 5.0;
				TARGETED_DEVICE_FAMILY = "1,2";
				TEST_HOST = "$(BUILT_PRODUCTS_DIR)/FriendsFavoriteMovies.app/$(BUNDLE_EXECUTABLE_FOLDER_PATH)/FriendsFavoriteMovies";
			};
			name = Release;
		};
		757941722D69DF3A00CB74F3 /* Debug */ = {
			isa = XCBuildConfiguration;
			buildSettings = {
				CODE_SIGN_STYLE = Automatic;
				CURRENT_PROJECT_VERSION = 1;
				GENERATE_INFOPLIST_FILE = YES;
				MARKETING_VERSION = 1.0;
				PRODUCT_BUNDLE_IDENTIFIER = name.kato.FriendsFavoriteMoviesUITests;
				PRODUCT_NAME = "$(TARGET_NAME)";
				SWIFT_EMIT_LOC_STRINGS = NO;
				SWIFT_VERSION = 5.0;
				TARGETED_DEVICE_FAMILY = "1,2";
				TEST_TARGET_NAME = FriendsFavoriteMovies;
			};
			name = Debug;
		};
		757941732D69DF3A00CB74F3 /* Release */ = {
			isa = XCBuildConfiguration;
			buildSettings = {
				CODE_SIGN_STYLE = Automatic;
				CURRENT_PROJECT_VERSION = 1;
				GENERATE_INFOPLIST_FILE = YES;
				MARKETING_VERSION = 1.0;
				PRODUCT_BUNDLE_IDENTIFIER = name.kato.FriendsFavoriteMoviesUITests;
				PRODUCT_NAME = "$(TARGET_NAME)";
				SWIFT_EMIT_LOC_STRINGS = NO;
				SWIFT_VERSION = 5.0;
				TARGETED_DEVICE_FAMILY = "1,2";
				TEST_TARGET_NAME = FriendsFavoriteMovies;
			};
			name = Release;
		};
/* End XCBuildConfiguration section */

/* Begin XCConfigurationList section */
		757941422D69DF3800CB74F3 /* Build configuration list for PBXProject "FriendsFavoriteMovies" */ = {
			isa = XCConfigurationList;
			buildConfigurations = (
				757941692D69DF3A00CB74F3 /* Debug */,
				7579416A2D69DF3A00CB74F3 /* Release */,
			);
			defaultConfigurationIsVisible = 0;
			defaultConfigurationName = Release;
		};
		7579416B2D69DF3A00CB74F3 /* Build configuration list for PBXNativeTarget "FriendsFavoriteMovies" */ = {
			isa = XCConfigurationList;
			buildConfigurations = (
				7579416C2D69DF3A00CB74F3 /* Debug */,
				7579416D2D69DF3A00CB74F3 /* Release */,
			);
			defaultConfigurationIsVisible = 0;
			defaultConfigurationName = Release;
		};
		7579416E2D69DF3A00CB74F3 /* Build configuration list for PBXNativeTarget "FriendsFavoriteMoviesTests" */ = {
			isa = XCConfigurationList;
			buildConfigurations = (
				7579416F2D69DF3A00CB74F3 /* Debug */,
				757941702D69DF3A00CB74F3 /* Release */,
			);
			defaultConfigurationIsVisible = 0;
			defaultConfigurationName = Release;
		};
		757941712D69DF3A00CB74F3 /* Build configuration list for PBXNativeTarget "FriendsFavoriteMoviesUITests" */ = {
			isa = XCConfigurationList;
			buildConfigurations = (
				757941722D69DF3A00CB74F3 /* Debug */,
				757941732D69DF3A00CB74F3 /* Release */,
			);
			defaultConfigurationIsVisible = 0;
			defaultConfigurationName = Release;
		};
/* End XCConfigurationList section */
	};
	rootObject = 7579413F2D69DF3800CB74F3 /* Project object */;
}
